
Microsoft Visual Studio Solution File, Format Version 12.00
# Visual Studio Version 16
VisualStudioVersion = 16.0.31205.134
MinimumVisualStudioVersion = 10.0.40219.1
Project("{FAE04EC0-301F-11D3-BF4B-00C04F79EFBC}") = "EntityFrameworkSqlInjection", "EntityFrameworkSqlInjection\EntityFrameworkSqlInjection.csproj", "{726EF79F-9C16-4E2B-BE10-F44EF2E4E596}"
EndProject
Global
	GlobalSection(SolutionConfigurationPlatforms) = preSolution
		Debug|Any CPU = Debug|Any CPU
		Release|Any CPU = Release|Any CPU
	EndGlobalSection
	GlobalSection(ProjectConfigurationPlatforms) = postSolution
		{726EF79F-9C16-4E2B-BE10-F44EF2E4E596}.Debug|Any CPU.ActiveCfg = Debug|Any CPU
		{726EF79F-9C16-4E2B-BE10-F44EF2E4E596}.Debug|Any CPU.Build.0 = Debug|Any CPU
		{726EF79F-9C16-4E2B-BE10-F44EF2E4E596}.Release|Any CPU.ActiveCfg = Release|Any CPU
		{726EF79F-9C16-4E2B-BE10-F44EF2E4E596}.Release|Any CPU.Build.0 = Release|Any CPU
	EndGlobalSection
	GlobalSection(SolutionProperties) = preSolution
		HideSolutionNode = FALSE
	EndGlobalSection
	GlobalSection(ExtensibilityGlobals) = postSolution
		SolutionGuid = {0646589D-0760-4A3E-ACB2-AEA209BD3F9F}
	EndGlobalSection
EndGlobal
