
Microsoft Visual Studio Solution File, Format Version 12.00
# Visual Studio Version 17
VisualStudioVersion = 17.3.32901.215
MinimumVisualStudioVersion = 10.0.40219.1
Project("{9A19103F-16F7-4668-BE54-9A1E7A4F7556}") = "FilesAPI", "FilesAPI\FilesAPI.csproj", "{685E925E-F5ED-4762-B9A7-4DD73A4AFDF8}"
EndProject
Project("{9A19103F-16F7-4668-BE54-9A1E7A4F7556}") = "FilesAPI.Tests", "FilesAPI.Tests\FilesAPI.Tests.csproj", "{FFB9A98E-8C93-4E73-B66B-1AAA01F5532C}"
EndProject
Project("{9A19103F-16F7-4668-BE54-9A1E7A4F7556}") = "CP.DTO", "CP.DTO\CP.DTO.csproj", "{70C3E53C-41A5-4DC9-93F2-E0A00BE591D8}"
EndProject
Project("{9A19103F-16F7-4668-BE54-9A1E7A4F7556}") = "FA.Common", "FA.Common\FA.Common.csproj", "{2900A53F-B7D4-4490-9884-6346F2DE9A61}"
EndProject
Project("{9A19103F-16F7-4668-BE54-9A1E7A4F7556}") = "CP.Core.User", "CP.Core.User\CP.Core.User.csproj", "{ACC9FB5D-B35E-4CD2-820F-38DDC182C28E}"
EndProject
Global
	GlobalSection(SolutionConfigurationPlatforms) = preSolution
		Coverage|Any CPU = Coverage|Any CPU
		Debug|Any CPU = Debug|Any CPU
		DEV2|Any CPU = DEV2|Any CPU
		DEV3|Any CPU = DEV3|Any CPU
		DR|Any CPU = DR|Any CPU
		QA|Any CPU = QA|Any CPU
		Release|Any CPU = Release|Any CPU
		Stage|Any CPU = Stage|Any CPU
	EndGlobalSection
	GlobalSection(ProjectConfigurationPlatforms) = postSolution
		{685E925E-F5ED-4762-B9A7-4DD73A4AFDF8}.Coverage|Any CPU.ActiveCfg = Release|Any CPU
		{685E925E-F5ED-4762-B9A7-4DD73A4AFDF8}.Coverage|Any CPU.Build.0 = Release|Any CPU
		{685E925E-F5ED-4762-B9A7-4DD73A4AFDF8}.Debug|Any CPU.ActiveCfg = Debug|Any CPU
		{685E925E-F5ED-4762-B9A7-4DD73A4AFDF8}.Debug|Any CPU.Build.0 = Debug|Any CPU
		{685E925E-F5ED-4762-B9A7-4DD73A4AFDF8}.DEV2|Any CPU.ActiveCfg = Debug|Any CPU
		{685E925E-F5ED-4762-B9A7-4DD73A4AFDF8}.DEV2|Any CPU.Build.0 = Debug|Any CPU
		{685E925E-F5ED-4762-B9A7-4DD73A4AFDF8}.DEV3|Any CPU.ActiveCfg = Debug|Any CPU
		{685E925E-F5ED-4762-B9A7-4DD73A4AFDF8}.DEV3|Any CPU.Build.0 = Debug|Any CPU
		{685E925E-F5ED-4762-B9A7-4DD73A4AFDF8}.DR|Any CPU.ActiveCfg = Debug|Any CPU
		{685E925E-F5ED-4762-B9A7-4DD73A4AFDF8}.DR|Any CPU.Build.0 = Debug|Any CPU
		{685E925E-F5ED-4762-B9A7-4DD73A4AFDF8}.QA|Any CPU.ActiveCfg = Release|Any CPU
		{685E925E-F5ED-4762-B9A7-4DD73A4AFDF8}.QA|Any CPU.Build.0 = Release|Any CPU
		{685E925E-F5ED-4762-B9A7-4DD73A4AFDF8}.Release|Any CPU.ActiveCfg = Release|Any CPU
		{685E925E-F5ED-4762-B9A7-4DD73A4AFDF8}.Release|Any CPU.Build.0 = Release|Any CPU
		{685E925E-F5ED-4762-B9A7-4DD73A4AFDF8}.Stage|Any CPU.ActiveCfg = Release|Any CPU
		{685E925E-F5ED-4762-B9A7-4DD73A4AFDF8}.Stage|Any CPU.Build.0 = Release|Any CPU
		{FFB9A98E-8C93-4E73-B66B-1AAA01F5532C}.Coverage|Any CPU.ActiveCfg = Release|Any CPU
		{FFB9A98E-8C93-4E73-B66B-1AAA01F5532C}.Coverage|Any CPU.Build.0 = Release|Any CPU
		{FFB9A98E-8C93-4E73-B66B-1AAA01F5532C}.Debug|Any CPU.ActiveCfg = Debug|Any CPU
		{FFB9A98E-8C93-4E73-B66B-1AAA01F5532C}.Debug|Any CPU.Build.0 = Debug|Any CPU
		{FFB9A98E-8C93-4E73-B66B-1AAA01F5532C}.DEV2|Any CPU.ActiveCfg = Debug|Any CPU
		{FFB9A98E-8C93-4E73-B66B-1AAA01F5532C}.DEV2|Any CPU.Build.0 = Debug|Any CPU
		{FFB9A98E-8C93-4E73-B66B-1AAA01F5532C}.DEV3|Any CPU.ActiveCfg = Debug|Any CPU
		{FFB9A98E-8C93-4E73-B66B-1AAA01F5532C}.DEV3|Any CPU.Build.0 = Debug|Any CPU
		{FFB9A98E-8C93-4E73-B66B-1AAA01F5532C}.DR|Any CPU.ActiveCfg = Debug|Any CPU
		{FFB9A98E-8C93-4E73-B66B-1AAA01F5532C}.DR|Any CPU.Build.0 = Debug|Any CPU
		{FFB9A98E-8C93-4E73-B66B-1AAA01F5532C}.QA|Any CPU.ActiveCfg = Release|Any CPU
		{FFB9A98E-8C93-4E73-B66B-1AAA01F5532C}.QA|Any CPU.Build.0 = Release|Any CPU
		{FFB9A98E-8C93-4E73-B66B-1AAA01F5532C}.Release|Any CPU.ActiveCfg = Release|Any CPU
		{FFB9A98E-8C93-4E73-B66B-1AAA01F5532C}.Release|Any CPU.Build.0 = Release|Any CPU
		{FFB9A98E-8C93-4E73-B66B-1AAA01F5532C}.Stage|Any CPU.ActiveCfg = Release|Any CPU
		{FFB9A98E-8C93-4E73-B66B-1AAA01F5532C}.Stage|Any CPU.Build.0 = Release|Any CPU
		{70C3E53C-41A5-4DC9-93F2-E0A00BE591D8}.Coverage|Any CPU.ActiveCfg = Debug|Any CPU
		{70C3E53C-41A5-4DC9-93F2-E0A00BE591D8}.Coverage|Any CPU.Build.0 = Debug|Any CPU
		{70C3E53C-41A5-4DC9-93F2-E0A00BE591D8}.Debug|Any CPU.ActiveCfg = Debug|Any CPU
		{70C3E53C-41A5-4DC9-93F2-E0A00BE591D8}.Debug|Any CPU.Build.0 = Debug|Any CPU
		{70C3E53C-41A5-4DC9-93F2-E0A00BE591D8}.DEV2|Any CPU.ActiveCfg = Debug|Any CPU
		{70C3E53C-41A5-4DC9-93F2-E0A00BE591D8}.DEV2|Any CPU.Build.0 = Debug|Any CPU
		{70C3E53C-41A5-4DC9-93F2-E0A00BE591D8}.DEV3|Any CPU.ActiveCfg = Debug|Any CPU
		{70C3E53C-41A5-4DC9-93F2-E0A00BE591D8}.DEV3|Any CPU.Build.0 = Debug|Any CPU
		{70C3E53C-41A5-4DC9-93F2-E0A00BE591D8}.DR|Any CPU.ActiveCfg = Debug|Any CPU
		{70C3E53C-41A5-4DC9-93F2-E0A00BE591D8}.DR|Any CPU.Build.0 = Debug|Any CPU
		{70C3E53C-41A5-4DC9-93F2-E0A00BE591D8}.QA|Any CPU.ActiveCfg = Debug|Any CPU
		{70C3E53C-41A5-4DC9-93F2-E0A00BE591D8}.QA|Any CPU.Build.0 = Debug|Any CPU
		{70C3E53C-41A5-4DC9-93F2-E0A00BE591D8}.Release|Any CPU.ActiveCfg = Release|Any CPU
		{70C3E53C-41A5-4DC9-93F2-E0A00BE591D8}.Release|Any CPU.Build.0 = Release|Any CPU
		{70C3E53C-41A5-4DC9-93F2-E0A00BE591D8}.Stage|Any CPU.ActiveCfg = Debug|Any CPU
		{70C3E53C-41A5-4DC9-93F2-E0A00BE591D8}.Stage|Any CPU.Build.0 = Debug|Any CPU
		{2900A53F-B7D4-4490-9884-6346F2DE9A61}.Coverage|Any CPU.ActiveCfg = Debug|Any CPU
		{2900A53F-B7D4-4490-9884-6346F2DE9A61}.Coverage|Any CPU.Build.0 = Debug|Any CPU
		{2900A53F-B7D4-4490-9884-6346F2DE9A61}.Debug|Any CPU.ActiveCfg = Debug|Any CPU
		{2900A53F-B7D4-4490-9884-6346F2DE9A61}.Debug|Any CPU.Build.0 = Debug|Any CPU
		{2900A53F-B7D4-4490-9884-6346F2DE9A61}.DEV2|Any CPU.ActiveCfg = Debug|Any CPU
		{2900A53F-B7D4-4490-9884-6346F2DE9A61}.DEV2|Any CPU.Build.0 = Debug|Any CPU
		{2900A53F-B7D4-4490-9884-6346F2DE9A61}.DEV3|Any CPU.ActiveCfg = Debug|Any CPU
		{2900A53F-B7D4-4490-9884-6346F2DE9A61}.DEV3|Any CPU.Build.0 = Debug|Any CPU
		{2900A53F-B7D4-4490-9884-6346F2DE9A61}.DR|Any CPU.ActiveCfg = Debug|Any CPU
		{2900A53F-B7D4-4490-9884-6346F2DE9A61}.DR|Any CPU.Build.0 = Debug|Any CPU
		{2900A53F-B7D4-4490-9884-6346F2DE9A61}.QA|Any CPU.ActiveCfg = Debug|Any CPU
		{2900A53F-B7D4-4490-9884-6346F2DE9A61}.QA|Any CPU.Build.0 = Debug|Any CPU
		{2900A53F-B7D4-4490-9884-6346F2DE9A61}.Release|Any CPU.ActiveCfg = Release|Any CPU
		{2900A53F-B7D4-4490-9884-6346F2DE9A61}.Release|Any CPU.Build.0 = Release|Any CPU
		{2900A53F-B7D4-4490-9884-6346F2DE9A61}.Stage|Any CPU.ActiveCfg = Debug|Any CPU
		{2900A53F-B7D4-4490-9884-6346F2DE9A61}.Stage|Any CPU.Build.0 = Debug|Any CPU
		{ACC9FB5D-B35E-4CD2-820F-38DDC182C28E}.Coverage|Any CPU.ActiveCfg = Debug|Any CPU
		{ACC9FB5D-B35E-4CD2-820F-38DDC182C28E}.Coverage|Any CPU.Build.0 = Debug|Any CPU
		{ACC9FB5D-B35E-4CD2-820F-38DDC182C28E}.Debug|Any CPU.ActiveCfg = Debug|Any CPU
		{ACC9FB5D-B35E-4CD2-820F-38DDC182C28E}.Debug|Any CPU.Build.0 = Debug|Any CPU
		{ACC9FB5D-B35E-4CD2-820F-38DDC182C28E}.DEV2|Any CPU.ActiveCfg = Debug|Any CPU
		{ACC9FB5D-B35E-4CD2-820F-38DDC182C28E}.DEV2|Any CPU.Build.0 = Debug|Any CPU
		{ACC9FB5D-B35E-4CD2-820F-38DDC182C28E}.DEV3|Any CPU.ActiveCfg = Debug|Any CPU
		{ACC9FB5D-B35E-4CD2-820F-38DDC182C28E}.DEV3|Any CPU.Build.0 = Debug|Any CPU
		{ACC9FB5D-B35E-4CD2-820F-38DDC182C28E}.DR|Any CPU.ActiveCfg = Debug|Any CPU
		{ACC9FB5D-B35E-4CD2-820F-38DDC182C28E}.DR|Any CPU.Build.0 = Debug|Any CPU
		{ACC9FB5D-B35E-4CD2-820F-38DDC182C28E}.QA|Any CPU.ActiveCfg = Debug|Any CPU
		{ACC9FB5D-B35E-4CD2-820F-38DDC182C28E}.QA|Any CPU.Build.0 = Debug|Any CPU
		{ACC9FB5D-B35E-4CD2-820F-38DDC182C28E}.Release|Any CPU.ActiveCfg = Release|Any CPU
		{ACC9FB5D-B35E-4CD2-820F-38DDC182C28E}.Release|Any CPU.Build.0 = Release|Any CPU
		{ACC9FB5D-B35E-4CD2-820F-38DDC182C28E}.Stage|Any CPU.ActiveCfg = Debug|Any CPU
		{ACC9FB5D-B35E-4CD2-820F-38DDC182C28E}.Stage|Any CPU.Build.0 = Debug|Any CPU
	EndGlobalSection
	GlobalSection(SolutionProperties) = preSolution
		HideSolutionNode = FALSE
	EndGlobalSection
	GlobalSection(ExtensibilityGlobals) = postSolution
		SolutionGuid = {0873E65C-CEB3-494F-A339-707E71635E4E}
	EndGlobalSection
EndGlobal
