{
  "version": 4,
  "terraform_version": "0.12.23",
  "serial": 57,
  "lineage": "494f0e31-1498-4e32-b8c3-fed235e73491",
  "outputs": {},
  "resources": [
    {
      "mode": "data",
      "type": "aws_iam_policy_document",
      "name": "this_role_assume_role_policy",
      "provider": "provider.aws",
      "instances": [
        {
          "schema_version": 0,
          "attributes": {
            "id": "1167447551",
            "json": "{\n  \"Version\": \"2012-10-17\",\n  \"Statement\": [\n    {\n      \"Sid\": \"\",\n      \"Effect\": \"Allow\",\n      \"Action\": \"sts:AssumeRole\",\n      \"Principal\": {\n        \"Service\": [\n          \"lambda.amazonaws.com\",\n          \"apigateway.amazonaws.com\"\n        ]\n      }\n    }\n  ]\n}",
            "override_json": null,
            "policy_id": null,
            "source_json": null,
            "statement": [
              {
                "actions": [
                  "sts:AssumeRole"
                ],
                "condition": [],
                "effect": "Allow",
                "not_actions": [],
                "not_principals": [],
                "not_resources": [],
                "principals": [
                  {
                    "identifiers": [
                      "apigateway.amazonaws.com",
                      "lambda.amazonaws.com"
                    ],
                    "type": "Service"
                  }
                ],
                "resources": [],
                "sid": ""
              }
            ],
            "version": "2012-10-17"
          }
        }
      ]
    },
    {
      "mode": "managed",
      "type": "aws_iam_role",
      "name": "Lambdarole",
      "provider": "provider.aws",
      "instances": [
        {
          "schema_version": 0,
          "attributes": {
            "arn": "arn:aws:iam::638844603513:role/TMCT_LambdaDynamoDBSQS",
            "assume_role_policy": "{\"Version\":\"2012-10-17\",\"Statement\":[{\"Sid\":\"\",\"Effect\":\"Allow\",\"Principal\":{\"Service\":[\"apigateway.amazonaws.com\",\"lambda.amazonaws.com\"]},\"Action\":\"sts:AssumeRole\"}]}",
            "create_date": "2020-07-23T04:58:40Z",
            "description": "",
            "force_detach_policies": false,
            "id": "TMCT_LambdaDynamoDBSQS",
            "max_session_duration": 3600,
            "name": "TMCT_LambdaDynamoDBSQS",
            "name_prefix": null,
            "path": "/",
            "permissions_boundary": "arn:aws:iam::638844603513:policy/CAVM/FirstAm-GlobalPermissionsBoundary",
            "tags": {
              "ApplicationId": "APP0005161",
              "ApplicationName": "TMCT",
              "EnvironmentName": "Dev"
            },
            "unique_id": "AROAZJPQ3BR4TLA5OE53M"
          },
          "private": "bnVsbA=="
        }
      ]
    },
    {
      "mode": "managed",
      "type": "aws_iam_role_policy_attachment",
      "name": "role-policy-attachment",
      "each": "list",
      "provider": "provider.aws",
      "instances": [
        {
          "index_key": 0,
          "schema_version": 0,
          "attributes": {
            "id": "TMCT_LambdaDynamoDBSQS-20200723045841661400000003",
            "policy_arn": "arn:aws:iam::aws:policy/AmazonEC2FullAccess",
            "role": "TMCT_LambdaDynamoDBSQS"
          },
          "private": "bnVsbA==",
          "dependencies": [
            "aws_iam_role.Lambdarole"
          ]
        },
        {
          "index_key": 1,
          "schema_version": 0,
          "attributes": {
            "id": "TMCT_LambdaDynamoDBSQS-20200723045841677400000006",
            "policy_arn": "arn:aws:iam::aws:policy/AmazonSQSFullAccess",
            "role": "TMCT_LambdaDynamoDBSQS"
          },
          "private": "bnVsbA==",
          "dependencies": [
            "aws_iam_role.Lambdarole"
          ]
        },
        {
          "index_key": 2,
          "schema_version": 0,
          "attributes": {
            "id": "TMCT_LambdaDynamoDBSQS-20200723045841659400000002",
            "policy_arn": "arn:aws:iam::aws:policy/service-role/AmazonAPIGatewayPushToCloudWatchLogs",
            "role": "TMCT_LambdaDynamoDBSQS"
          },
          "private": "bnVsbA==",
          "dependencies": [
            "aws_iam_role.Lambdarole"
          ]
        },
        {
          "index_key": 3,
          "schema_version": 0,
          "attributes": {
            "id": "TMCT_LambdaDynamoDBSQS-20200723045841678400000007",
            "policy_arn": "arn:aws:iam::aws:policy/service-role/AWSLambdaDynamoDBExecutionRole",
            "role": "TMCT_LambdaDynamoDBSQS"
          },
          "private": "bnVsbA==",
          "dependencies": [
            "aws_iam_role.Lambdarole"
          ]
        },
        {
          "index_key": 4,
          "schema_version": 0,
          "attributes": {
            "id": "TMCT_LambdaDynamoDBSQS-20200723045841713400000009",
            "policy_arn": "arn:aws:iam::aws:policy/service-role/AWSLambdaSQSQueueExecutionRole",
            "role": "TMCT_LambdaDynamoDBSQS"
          },
          "private": "bnVsbA==",
          "dependencies": [
            "aws_iam_role.Lambdarole"
          ]
        },
        {
          "index_key": 5,
          "schema_version": 0,
          "attributes": {
            "id": "TMCT_LambdaDynamoDBSQS-20200723045841685400000008",
            "policy_arn": "arn:aws:iam::aws:policy/service-role/AWSLambdaBasicExecutionRole",
            "role": "TMCT_LambdaDynamoDBSQS"
          },
          "private": "bnVsbA==",
          "dependencies": [
            "aws_iam_role.Lambdarole"
          ]
        },
        {
          "index_key": 6,
          "schema_version": 0,
          "attributes": {
            "id": "TMCT_LambdaDynamoDBSQS-20200723045841669400000004",
            "policy_arn": "arn:aws:iam::aws:policy/service-role/AWSLambdaVPCAccessExecutionRole",
            "role": "TMCT_LambdaDynamoDBSQS"
          },
          "private": "bnVsbA==",
          "dependencies": [
            "aws_iam_role.Lambdarole"
          ]
        },
        {
          "index_key": 7,
          "schema_version": 0,
          "attributes": {
            "id": "TMCT_LambdaDynamoDBSQS-20200723045841658400000001",
            "policy_arn": "arn:aws:iam::638844603513:policy/CAVM/FirstAm-APIGateWay",
            "role": "TMCT_LambdaDynamoDBSQS"
          },
          "private": "bnVsbA==",
          "dependencies": [
            "aws_iam_role.Lambdarole"
          ]
        },
        {
          "index_key": 8,
          "schema_version": 0,
          "attributes": {
            "id": "TMCT_LambdaDynamoDBSQS-20200723045841674400000005",
            "policy_arn": "arn:aws:iam::638844603513:policy/CAVM/FirstAm-KMS",
            "role": "TMCT_LambdaDynamoDBSQS"
          },
          "private": "bnVsbA==",
          "dependencies": [
            "aws_iam_role.Lambdarole"
          ]
        }
      ]
    }
  ]
}
