
Microsoft Visual Studio Solution File, Format Version 12.00
# Visual Studio 15
VisualStudioVersion = 15.0.26124.0
MinimumVisualStudioVersion = 15.0.26124.0
Project("{FAE04EC0-301F-11D3-BF4B-00C04F79EFBC}") = "TcCloudMapCdk", "TcCloudMapCdk\TcCloudMapCdk.csproj", "{71FE99F6-8578-471F-8616-1FA0B55EF88A}"
EndProject
Global
	GlobalSection(SolutionConfigurationPlatforms) = preSolution
		Debug|Any CPU = Debug|Any CPU
		Debug|x64 = Debug|x64
		Debug|x86 = Debug|x86
		Release|Any CPU = Release|Any CPU
		Release|x64 = Release|x64
		Release|x86 = Release|x86
	EndGlobalSection
	GlobalSection(SolutionProperties) = preSolution
		HideSolutionNode = FALSE
	EndGlobalSection
	GlobalSection(ProjectConfigurationPlatforms) = postSolution
		{71FE99F6-8578-471F-8616-1FA0B55EF88A}.Debug|Any CPU.ActiveCfg = Debug|Any CPU
		{71FE99F6-8578-471F-8616-1FA0B55EF88A}.Debug|Any CPU.Build.0 = Debug|Any CPU
		{71FE99F6-8578-471F-8616-1FA0B55EF88A}.Debug|x64.ActiveCfg = Debug|Any CPU
		{71FE99F6-8578-471F-8616-1FA0B55EF88A}.Debug|x64.Build.0 = Debug|Any CPU
		{71FE99F6-8578-471F-8616-1FA0B55EF88A}.Debug|x86.ActiveCfg = Debug|Any CPU
		{71FE99F6-8578-471F-8616-1FA0B55EF88A}.Debug|x86.Build.0 = Debug|Any CPU
		{71FE99F6-8578-471F-8616-1FA0B55EF88A}.Release|Any CPU.ActiveCfg = Release|Any CPU
		{71FE99F6-8578-471F-8616-1FA0B55EF88A}.Release|Any CPU.Build.0 = Release|Any CPU
		{71FE99F6-8578-471F-8616-1FA0B55EF88A}.Release|x64.ActiveCfg = Release|Any CPU
		{71FE99F6-8578-471F-8616-1FA0B55EF88A}.Release|x64.Build.0 = Release|Any CPU
		{71FE99F6-8578-471F-8616-1FA0B55EF88A}.Release|x86.ActiveCfg = Release|Any CPU
		{71FE99F6-8578-471F-8616-1FA0B55EF88A}.Release|x86.Build.0 = Release|Any CPU
	EndGlobalSection
EndGlobal
