{
  "version": 4,
  "terraform_version": "0.12.23",
  "serial": 8,
  "lineage": "c2156a1f-e8fe-c27d-9757-f1ae4164c0e0",
  "outputs": {},
  "resources": [
    {
      "mode": "data",
      "type": "aws_iam_policy_document",
      "name": "this",
      "provider": "provider.aws",
      "instances": [
        {
          "schema_version": 0,
          "attributes": {
            "id": "1092980379",
            "json": "{\n  \"Version\": \"2012-10-17\",\n  \"Statement\": [\n    {\n      \"Sid\": \"AllowApprovedResources\",\n      \"Effect\": \"Allow\",\n      \"Action\": [\n        \"sts:AssumeRole\",\n        \"s3:*\",\n        \"rds:*\",\n        \"logs:*\",\n        \"lambda:*\",\n        \"kms:*\",\n        \"iam:*\",\n        \"elasticloadbalancing:*\",\n        \"elasticbeanstalk:*\",\n        \"ec2:*\",\n        \"dynamodb:*\",\n        \"cloudwatch:*\",\n        \"cloudformation:*\",\n        \"apigateway:*\",\n        \"acm:*\"\n      ],\n      \"Resource\": \"*\"\n    }\n  ]\n}",
            "override_json": null,
            "policy_id": null,
            "source_json": null,
            "statement": [
              {
                "actions": [
                  "acm:*",
                  "apigateway:*",
                  "cloudformation:*",
                  "cloudwatch:*",
                  "dynamodb:*",
                  "ec2:*",
                  "elasticbeanstalk:*",
                  "elasticloadbalancing:*",
                  "iam:*",
                  "kms:*",
                  "lambda:*",
                  "logs:*",
                  "rds:*",
                  "s3:*",
                  "sts:AssumeRole"
                ],
                "condition": [],
                "effect": "Allow",
                "not_actions": [],
                "not_principals": [],
                "not_resources": [],
                "principals": [],
                "resources": [
                  "*"
                ],
                "sid": "AllowApprovedResources"
              }
            ],
            "version": "2012-10-17"
          }
        }
      ]
    },
    {
      "mode": "data",
      "type": "aws_iam_policy_document",
      "name": "this_role_assume_role_policy",
      "provider": "provider.aws",
      "instances": [
        {
          "schema_version": 0,
          "attributes": {
            "id": "806886671",
            "json": "{\n  \"Version\": \"2012-10-17\",\n  \"Statement\": [\n    {\n      \"Sid\": \"\",\n      \"Effect\": \"Allow\",\n      \"Action\": \"sts:AssumeRole\",\n      \"Principal\": {\n        \"AWS\": [\n          \"arn:aws:iam::638844603513:role/FirstAm_TMCT-N-1_ProgrammaticRole\",\n          \"arn:aws:iam::638844603513:role/FirstAm_TMCT-N-1_AppDevRole\"\n        ]\n      }\n    }\n  ]\n}",
            "override_json": null,
            "policy_id": null,
            "source_json": null,
            "statement": [
              {
                "actions": [
                  "sts:AssumeRole"
                ],
                "condition": [],
                "effect": "Allow",
                "not_actions": [],
                "not_principals": [],
                "not_resources": [],
                "principals": [
                  {
                    "identifiers": [
                      "arn:aws:iam::638844603513:role/FirstAm_TMCT-N-1_AppDevRole",
                      "arn:aws:iam::638844603513:role/FirstAm_TMCT-N-1_ProgrammaticRole"
                    ],
                    "type": "AWS"
                  }
                ],
                "resources": [],
                "sid": ""
              }
            ],
            "version": "2012-10-17"
          }
        }
      ]
    },
    {
      "mode": "managed",
      "type": "aws_iam_policy",
      "name": "this",
      "provider": "provider.aws",
      "instances": [
        {
          "schema_version": 0,
          "attributes": {
            "arn": "arn:aws:iam::638844603513:policy/tmct-role-policy",
            "description": "tmct-role-policy",
            "id": "arn:aws:iam::638844603513:policy/tmct-role-policy",
            "name": "tmct-role-policy",
            "name_prefix": null,
            "path": "/",
            "policy": "{\n  \"Version\": \"2012-10-17\",\n  \"Statement\": [\n    {\n      \"Sid\": \"AllowApprovedResources\",\n      \"Effect\": \"Allow\",\n      \"Action\": [\n        \"sts:AssumeRole\",\n        \"s3:*\",\n        \"rds:*\",\n        \"logs:*\",\n        \"lambda:*\",\n        \"kms:*\",\n        \"iam:*\",\n        \"elasticloadbalancing:*\",\n        \"elasticbeanstalk:*\",\n        \"ec2:*\",\n        \"dynamodb:*\",\n        \"cloudwatch:*\",\n        \"cloudformation:*\",\n        \"apigateway:*\",\n        \"acm:*\"\n      ],\n      \"Resource\": \"*\"\n    }\n  ]\n}"
          },
          "private": "bnVsbA=="
        }
      ]
    },
    {
      "mode": "managed",
      "type": "aws_iam_role",
      "name": "role",
      "provider": "provider.aws",
      "instances": [
        {
          "schema_version": 0,
          "attributes": {
            "arn": "arn:aws:iam::638844603513:role/TMCT_role",
            "assume_role_policy": "{\"Version\":\"2012-10-17\",\"Statement\":[{\"Sid\":\"\",\"Effect\":\"Allow\",\"Principal\":{\"AWS\":[\"arn:aws:iam::638844603513:role/FirstAm_TMCT-N-1_ProgrammaticRole\",\"arn:aws:iam::638844603513:role/FirstAm_TMCT-N-1_AppDevRole\"]},\"Action\":\"sts:AssumeRole\"}]}",
            "create_date": "2020-07-22T23:41:16Z",
            "description": "",
            "force_detach_policies": false,
            "id": "TMCT_role",
            "max_session_duration": 3600,
            "name": "TMCT_role",
            "name_prefix": null,
            "path": "/",
            "permissions_boundary": "arn:aws:iam::638844603513:policy/CAVM/FirstAm-GlobalPermissionsBoundary",
            "tags": {
              "ApplicationId": "APP0005161",
              "ApplicationName": "TMCT",
              "EnvironmentName": "Dev"
            },
            "unique_id": "AROAZJPQ3BR4QDBXP7G7Q"
          },
          "private": "bnVsbA=="
        }
      ]
    },
    {
      "mode": "managed",
      "type": "aws_iam_role_policy_attachment",
      "name": "attach_policy",
      "provider": "provider.aws",
      "instances": [
        {
          "schema_version": 0,
          "attributes": {
            "id": "TMCT_role-20200722234118184000000001",
            "policy_arn": "arn:aws:iam::638844603513:policy/tmct-role-policy",
            "role": "TMCT_role"
          },
          "private": "bnVsbA==",
          "dependencies": [
            "aws_iam_policy.this",
            "aws_iam_role.role"
          ]
        }
      ]
    }
  ]
}
