
Microsoft Visual Studio Solution File, Format Version 12.00
# Visual Studio Version 17
VisualStudioVersion = 17.2.32630.192
MinimumVisualStudioVersion = 15.0.26124.0
Project("{9A19103F-16F7-4668-BE54-9A1E7A4F7556}") = "TransactionPortalCdk", "TransactionPortalCdk\TransactionPortalCdk.csproj", "{B98B9D5E-407E-4690-8C89-36FB006836EE}"
EndProject
Global
	GlobalSection(SolutionConfigurationPlatforms) = preSolution
		Debug|Any CPU = Debug|Any CPU
		Debug|x64 = Debug|x64
		Debug|x86 = Debug|x86
		Release|Any CPU = Release|Any CPU
		Release|x64 = Release|x64
		Release|x86 = Release|x86
	EndGlobalSection
	GlobalSection(ProjectConfigurationPlatforms) = postSolution
		{B98B9D5E-407E-4690-8C89-36FB006836EE}.Debug|Any CPU.ActiveCfg = Debug|Any CPU
		{B98B9D5E-407E-4690-8C89-36FB006836EE}.Debug|Any CPU.Build.0 = Debug|Any CPU
		{B98B9D5E-407E-4690-8C89-36FB006836EE}.Debug|x64.ActiveCfg = Debug|Any CPU
		{B98B9D5E-407E-4690-8C89-36FB006836EE}.Debug|x64.Build.0 = Debug|Any CPU
		{B98B9D5E-407E-4690-8C89-36FB006836EE}.Debug|x86.ActiveCfg = Debug|Any CPU
		{B98B9D5E-407E-4690-8C89-36FB006836EE}.Debug|x86.Build.0 = Debug|Any CPU
		{B98B9D5E-407E-4690-8C89-36FB006836EE}.Release|Any CPU.ActiveCfg = Release|Any CPU
		{B98B9D5E-407E-4690-8C89-36FB006836EE}.Release|Any CPU.Build.0 = Release|Any CPU
		{B98B9D5E-407E-4690-8C89-36FB006836EE}.Release|x64.ActiveCfg = Release|Any CPU
		{B98B9D5E-407E-4690-8C89-36FB006836EE}.Release|x64.Build.0 = Release|Any CPU
		{B98B9D5E-407E-4690-8C89-36FB006836EE}.Release|x86.ActiveCfg = Release|Any CPU
		{B98B9D5E-407E-4690-8C89-36FB006836EE}.Release|x86.Build.0 = Release|Any CPU
	EndGlobalSection
	GlobalSection(SolutionProperties) = preSolution
		HideSolutionNode = FALSE
	EndGlobalSection
	GlobalSection(ExtensibilityGlobals) = postSolution
		SolutionGuid = {BFBC0A8B-E05E-4A78-B0C6-26F0C9BA8F56}
	EndGlobalSection
EndGlobal
